# This file is automatically @generated by Poetry 2.2.1 and should not be changed by hand.

[[package]]
name = "h5py"
version = "3.15.1"
description = "Read and write HDF5 files from Python"
optional = false
python-versions = ">=3.10"
groups = ["main"]
files = [
    {file = "h5py-3.15.1-cp310-cp310-macosx_10_9_x86_64.whl", hash = "sha256:67e59f6c2f19a32973a40f43d9a088ae324fe228c8366e25ebc57ceebf093a6b"},
    {file = "h5py-3.15.1-cp310-cp310-macosx_11_0_arm64.whl", hash = "sha256:0e2f471688402c3404fa4e13466e373e622fd4b74b47b56cfdff7cc688209422"},
    {file = "h5py-3.15.1-cp310-cp310-manylinux_2_27_aarch64.manylinux_2_28_aarch64.whl", hash = "sha256:4c45802bcb711e128a6839cb6c01e9ac648dc55df045c9542a675c771f15c8d5"},
    {file = "h5py-3.15.1-cp310-cp310-manylinux_2_27_x86_64.manylinux_2_28_x86_64.whl", hash = "sha256:64ce3f6470adb87c06e3a8dd1b90e973699f1759ad79bfa70c230939bff356c9"},
    {file = "h5py-3.15.1-cp310-cp310-musllinux_1_2_aarch64.whl", hash = "sha256:4411c1867b9899a25e983fff56d820a66f52ac326bbe10c7cdf7d832c9dcd883"},
    {file = "h5py-3.15.1-cp310-cp310-musllinux_1_2_x86_64.whl", hash = "sha256:2cbc4104d3d4aca9d6db8c0c694555e255805bfeacf9eb1349bda871e26cacbe"},
    {file = "h5py-3.15.1-cp310-cp310-win_amd64.whl", hash = "sha256:01f55111ca516f5568ae7a7fc8247dfce607de331b4467ee8a9a6ed14e5422c7"},
    {file = "h5py-3.15.1-cp311-cp311-macosx_10_9_x86_64.whl", hash = "sha256:5aaa330bcbf2830150c50897ea5dcbed30b5b6d56897289846ac5b9e529ec243"},
    {file = "h5py-3.15.1-cp311-cp311-macosx_11_0_arm64.whl", hash = "sha256:c970fb80001fffabb0109eaf95116c8e7c0d3ca2de854e0901e8a04c1f098509"},
    {file = "h5py-3.15.1-cp311-cp311-manylinux_2_27_aarch64.manylinux_2_28_aarch64.whl", hash = "sha256:80e5bb5b9508d5d9da09f81fd00abbb3f85da8143e56b1585d59bc8ceb1dba8b"},
    {file = "h5py-3.15.1-cp311-cp311-manylinux_2_27_x86_64.manylinux_2_28_x86_64.whl", hash = "sha256:5b849ba619a066196169763c33f9f0f02e381156d61c03e000bb0100f9950faf"},
    {file = "h5py-3.15.1-cp311-cp311-musllinux_1_2_aarch64.whl", hash = "sha256:e7f6c841efd4e6e5b7e82222eaf90819927b6d256ab0f3aca29675601f654f3c"},
    {file = "h5py-3.15.1-cp311-cp311-musllinux_1_2_x86_64.whl", hash = "sha256:ca8a3a22458956ee7b40d8e39c9a9dc01f82933e4c030c964f8b875592f4d831"},
    {file = "h5py-3.15.1-cp311-cp311-win_amd64.whl", hash = "sha256:550e51131376889656feec4aff2170efc054a7fe79eb1da3bb92e1625d1ac878"},
    {file = "h5py-3.15.1-cp311-cp311-win_arm64.whl", hash = "sha256:b39239947cb36a819147fc19e86b618dcb0953d1cd969f5ed71fc0de60392427"},
    {file = "h5py-3.15.1-cp312-cp312-macosx_10_13_x86_64.whl", hash = "sha256:316dd0f119734f324ca7ed10b5627a2de4ea42cc4dfbcedbee026aaa361c238c"},
    {file = "h5py-3.15.1-cp312-cp312-macosx_11_0_arm64.whl", hash = "sha256:b51469890e58e85d5242e43aab29f5e9c7e526b951caab354f3ded4ac88e7b76"},
    {file = "h5py-3.15.1-cp312-cp312-manylinux_2_27_aarch64.manylinux_2_28_aarch64.whl", hash = "sha256:8a33bfd5dfcea037196f7778534b1ff7e36a7f40a89e648c8f2967292eb6898e"},
    {file = "h5py-3.15.1-cp312-cp312-manylinux_2_27_x86_64.manylinux_2_28_x86_64.whl", hash = "sha256:25c8843fec43b2cc368aa15afa1cdf83fc5e17b1c4e10cd3771ef6c39b72e5ce"},
    {file = "h5py-3.15.1-cp312-cp312-musllinux_1_2_aarch64.whl", hash = "sha256:a308fd8681a864c04423c0324527237a0484e2611e3441f8089fd00ed56a8171"},
    {file = "h5py-3.15.1-cp312-cp312-musllinux_1_2_x86_64.whl", hash = "sha256:f4a016df3f4a8a14d573b496e4d1964deb380e26031fc85fb40e417e9131888a"},
    {file = "h5py-3.15.1-cp312-cp312-win_amd64.whl", hash = "sha256:59b25cf02411bf12e14f803fef0b80886444c7fe21a5ad17c6a28d3f08098a1e"},
    {file = "h5py-3.15.1-cp312-cp312-win_arm64.whl", hash = "sha256:61d5a58a9851e01ee61c932bbbb1c98fe20aba0a5674776600fb9a361c0aa652"},
    {file = "h5py-3.15.1-cp313-cp313-macosx_10_13_x86_64.whl", hash = "sha256:c8440fd8bee9500c235ecb7aa1917a0389a2adb80c209fa1cc485bd70e0d94a5"},
    {file = "h5py-3.15.1-cp313-cp313-macosx_11_0_arm64.whl", hash = "sha256:ab2219dbc6fcdb6932f76b548e2b16f34a1f52b7666e998157a4dfc02e2c4123"},
    {file = "h5py-3.15.1-cp313-cp313-manylinux_2_27_aarch64.manylinux_2_28_aarch64.whl", hash = "sha256:d8cb02c3a96255149ed3ac811eeea25b655d959c6dd5ce702c9a95ff11859eb5"},
    {file = "h5py-3.15.1-cp313-cp313-manylinux_2_27_x86_64.manylinux_2_28_x86_64.whl", hash = "sha256:121b2b7a4c1915d63737483b7bff14ef253020f617c2fb2811f67a4bed9ac5e8"},
    {file = "h5py-3.15.1-cp313-cp313-musllinux_1_2_aarch64.whl", hash = "sha256:59b0d63b318bf3cc06687def2b45afd75926bbc006f7b8cd2b1a231299fc8599"},
    {file = "h5py-3.15.1-cp313-cp313-musllinux_1_2_x86_64.whl", hash = "sha256:e02fe77a03f652500d8bff288cbf3675f742fc0411f5a628fa37116507dc7cc0"},
    {file = "h5py-3.15.1-cp313-cp313-win_amd64.whl", hash = "sha256:dea78b092fd80a083563ed79a3171258d4a4d307492e7cf8b2313d464c82ba52"},
    {file = "h5py-3.15.1-cp313-cp313-win_arm64.whl", hash = "sha256:c256254a8a81e2bddc0d376e23e2a6d2dc8a1e8a2261835ed8c1281a0744cd97"},
    {file = "h5py-3.15.1-cp314-cp314-macosx_10_15_x86_64.whl", hash = "sha256:5f4fb0567eb8517c3ecd6b3c02c4f4e9da220c8932604960fd04e24ee1254763"},
    {file = "h5py-3.15.1-cp314-cp314-macosx_11_0_arm64.whl", hash = "sha256:954e480433e82d3872503104f9b285d369048c3a788b2b1a00e53d1c47c98dd2"},
    {file = "h5py-3.15.1-cp314-cp314-manylinux_2_27_aarch64.manylinux_2_28_aarch64.whl", hash = "sha256:fd125c131889ebbef0849f4a0e29cf363b48aba42f228d08b4079913b576bb3a"},
    {file = "h5py-3.15.1-cp314-cp314-manylinux_2_27_x86_64.manylinux_2_28_x86_64.whl", hash = "sha256:28a20e1a4082a479b3d7db2169f3a5034af010b90842e75ebbf2e9e49eb4183e"},
    {file = "h5py-3.15.1-cp314-cp314-musllinux_1_2_aarch64.whl", hash = "sha256:fa8df5267f545b4946df8ca0d93d23382191018e4cda2deda4c2cedf9a010e13"},
    {file = "h5py-3.15.1-cp314-cp314-musllinux_1_2_x86_64.whl", hash = "sha256:99d374a21f7321a4c6ab327c4ab23bd925ad69821aeb53a1e75dd809d19f67fa"},
    {file = "h5py-3.15.1-cp314-cp314-win_amd64.whl", hash = "sha256:9c73d1d7cdb97d5b17ae385153472ce118bed607e43be11e9a9deefaa54e0734"},
    {file = "h5py-3.15.1-cp314-cp314-win_arm64.whl", hash = "sha256:a6d8c5a05a76aca9a494b4c53ce8a9c29023b7f64f625c6ce1841e92a362ccdf"},
    {file = "h5py-3.15.1.tar.gz", hash = "sha256:c86e3ed45c4473564de55aa83b6fc9e5ead86578773dfbd93047380042e26b69"},
]

[package.dependencies]
numpy = ">=1.21.2"

[[package]]
name = "librt"
version = "0.6.3"
description = "Mypyc runtime library"
optional = false
python-versions = ">=3.9"
groups = ["dev"]
files = [
    {file = "librt-0.6.3-cp310-cp310-macosx_10_9_x86_64.whl", hash = "sha256:45660d26569cc22ed30adf583389d8a0d1b468f8b5e518fcf9bfe2cd298f9dd1"},
    {file = "librt-0.6.3-cp310-cp310-macosx_11_0_arm64.whl", hash = "sha256:54f3b2177fb892d47f8016f1087d21654b44f7fc4cf6571c1c6b3ea531ab0fcf"},
    {file = "librt-0.6.3-cp310-cp310-manylinux1_i686.manylinux_2_28_i686.manylinux_2_5_i686.whl", hash = "sha256:c5b31bed2c2f2fa1fcb4815b75f931121ae210dc89a3d607fb1725f5907f1437"},
    {file = "librt-0.6.3-cp310-cp310-manylinux2014_aarch64.manylinux_2_17_aarch64.manylinux_2_28_aarch64.whl", hash = "sha256:8f8ed5053ef9fb08d34f1fd80ff093ccbd1f67f147633a84cf4a7d9b09c0f089"},
    {file = "librt-0.6.3-cp310-cp310-manylinux2014_x86_64.manylinux_2_17_x86_64.manylinux_2_28_x86_64.whl", hash = "sha256:3f0e4bd9bcb0ee34fa3dbedb05570da50b285f49e52c07a241da967840432513"},
    {file = "librt-0.6.3-cp310-cp310-musllinux_1_2_aarch64.whl", hash = "sha256:d8f89c8d20dfa648a3f0a56861946eb00e5b00d6b00eea14bc5532b2fcfa8ef1"},
    {file = "librt-0.6.3-cp310-cp310-musllinux_1_2_i686.whl", hash = "sha256:ecc2c526547eacd20cb9fbba19a5268611dbc70c346499656d6cf30fae328977"},
    {file = "librt-0.6.3-cp310-cp310-musllinux_1_2_x86_64.whl", hash = "sha256:fbedeb9b48614d662822ee514567d2d49a8012037fc7b4cd63f282642c2f4b7d"},
    {file = "librt-0.6.3-cp310-cp310-win32.whl", hash = "sha256:0765b0fe0927d189ee14b087cd595ae636bef04992e03fe6dfdaa383866c8a46"},
    {file = "librt-0.6.3-cp310-cp310-win_amd64.whl", hash = "sha256:8c659f9fb8a2f16dc4131b803fa0144c1dadcb3ab24bb7914d01a6da58ae2457"},
    {file = "librt-0.6.3-cp311-cp311-macosx_10_9_x86_64.whl", hash = "sha256:61348cc488b18d1b1ff9f3e5fcd5ac43ed22d3e13e862489d2267c2337285c08"},
    {file = "librt-0.6.3-cp311-cp311-macosx_11_0_arm64.whl", hash = "sha256:64645b757d617ad5f98c08e07620bc488d4bced9ced91c6279cec418f16056fa"},
    {file = "librt-0.6.3-cp311-cp311-manylinux1_i686.manylinux_2_28_i686.manylinux_2_5_i686.whl", hash = "sha256:26b8026393920320bb9a811b691d73c5981385d537ffc5b6e22e53f7b65d4122"},
    {file = "librt-0.6.3-cp311-cp311-manylinux2014_aarch64.manylinux_2_17_aarch64.manylinux_2_28_aarch64.whl", hash = "sha256:d998b432ed9ffccc49b820e913c8f327a82026349e9c34fa3690116f6b70770f"},
    {file = "librt-0.6.3-cp311-cp311-manylinux2014_x86_64.manylinux_2_17_x86_64.manylinux_2_28_x86_64.whl", hash = "sha256:e18875e17ef69ba7dfa9623f2f95f3eda6f70b536079ee6d5763ecdfe6cc9040"},
    {file = "librt-0.6.3-cp311-cp311-musllinux_1_2_aarch64.whl", hash = "sha256:a218f85081fc3f70cddaed694323a1ad7db5ca028c379c214e3a7c11c0850523"},
    {file = "librt-0.6.3-cp311-cp311-musllinux_1_2_i686.whl", hash = "sha256:1ef42ff4edd369e84433ce9b188a64df0837f4f69e3d34d3b34d4955c599d03f"},
    {file = "librt-0.6.3-cp311-cp311-musllinux_1_2_x86_64.whl", hash = "sha256:0e0f2b79993fec23a685b3e8107ba5f8675eeae286675a216da0b09574fa1e47"},
    {file = "librt-0.6.3-cp311-cp311-win32.whl", hash = "sha256:fd98cacf4e0fabcd4005c452cb8a31750258a85cab9a59fb3559e8078da408d7"},
    {file = "librt-0.6.3-cp311-cp311-win_amd64.whl", hash = "sha256:e17b5b42c8045867ca9d1f54af00cc2275198d38de18545edaa7833d7e9e4ac8"},
    {file = "librt-0.6.3-cp311-cp311-win_arm64.whl", hash = "sha256:87597e3d57ec0120a3e1d857a708f80c02c42ea6b00227c728efbc860f067c45"},
    {file = "librt-0.6.3-cp312-cp312-macosx_10_13_x86_64.whl", hash = "sha256:74418f718083009108dc9a42c21bf2e4802d49638a1249e13677585fcc9ca176"},
    {file = "librt-0.6.3-cp312-cp312-macosx_11_0_arm64.whl", hash = "sha256:514f3f363d1ebc423357d36222c37e5c8e6674b6eae8d7195ac9a64903722057"},
    {file = "librt-0.6.3-cp312-cp312-manylinux1_i686.manylinux_2_28_i686.manylinux_2_5_i686.whl", hash = "sha256:cf1115207a5049d1f4b7b4b72de0e52f228d6c696803d94843907111cbf80610"},
    {file = "librt-0.6.3-cp312-cp312-manylinux2014_aarch64.manylinux_2_17_aarch64.manylinux_2_28_aarch64.whl", hash = "sha256:ad8ba80cdcea04bea7b78fcd4925bfbf408961e9d8397d2ee5d3ec121e20c08c"},
    {file = "librt-0.6.3-cp312-cp312-manylinux2014_x86_64.manylinux_2_17_x86_64.manylinux_2_28_x86_64.whl", hash = "sha256:4018904c83eab49c814e2494b4e22501a93cdb6c9f9425533fe693c3117126f9"},
    {file = "librt-0.6.3-cp312-cp312-musllinux_1_2_aarch64.whl", hash = "sha256:8983c5c06ac9c990eac5eb97a9f03fe41dc7e9d7993df74d9e8682a1056f596c"},
    {file = "librt-0.6.3-cp312-cp312-musllinux_1_2_i686.whl", hash = "sha256:d7769c579663a6f8dbf34878969ac71befa42067ce6bf78e6370bf0d1194997c"},
    {file = "librt-0.6.3-cp312-cp312-musllinux_1_2_x86_64.whl", hash = "sha256:d3c9a07eafdc70556f8c220da4a538e715668c0c63cabcc436a026e4e89950bf"},
    {file = "librt-0.6.3-cp312-cp312-win32.whl", hash = "sha256:38320386a48a15033da295df276aea93a92dfa94a862e06893f75ea1d8bbe89d"},
    {file = "librt-0.6.3-cp312-cp312-win_amd64.whl", hash = "sha256:c0ecf4786ad0404b072196b5df774b1bb23c8aacdcacb6c10b4128bc7b00bd01"},
    {file = "librt-0.6.3-cp312-cp312-win_arm64.whl", hash = "sha256:9f2a6623057989ebc469cd9cc8fe436c40117a0147627568d03f84aef7854c55"},
    {file = "librt-0.6.3-cp313-cp313-macosx_10_13_x86_64.whl", hash = "sha256:9e716f9012148a81f02f46a04fc4c663420c6fbfeacfac0b5e128cf43b4413d3"},
    {file = "librt-0.6.3-cp313-cp313-macosx_11_0_arm64.whl", hash = "sha256:669ff2495728009a96339c5ad2612569c6d8be4474e68f3f3ac85d7c3261f5f5"},
    {file = "librt-0.6.3-cp313-cp313-manylinux1_i686.manylinux_2_28_i686.manylinux_2_5_i686.whl", hash = "sha256:349b6873ebccfc24c9efd244e49da9f8a5c10f60f07575e248921aae2123fc42"},
    {file = "librt-0.6.3-cp313-cp313-manylinux2014_aarch64.manylinux_2_17_aarch64.manylinux_2_28_aarch64.whl", hash = "sha256:0c74c26736008481c9f6d0adf1aedb5a52aff7361fea98276d1f965c0256ee70"},
    {file = "librt-0.6.3-cp313-cp313-manylinux2014_x86_64.manylinux_2_17_x86_64.manylinux_2_28_x86_64.whl", hash = "sha256:408a36ddc75e91918cb15b03460bdc8a015885025d67e68c6f78f08c3a88f522"},
    {file = "librt-0.6.3-cp313-cp313-musllinux_1_2_aarch64.whl", hash = "sha256:e61ab234624c9ffca0248a707feffe6fac2343758a36725d8eb8a6efef0f8c30"},
    {file = "librt-0.6.3-cp313-cp313-musllinux_1_2_i686.whl", hash = "sha256:324462fe7e3896d592b967196512491ec60ca6e49c446fe59f40743d08c97917"},
    {file = "librt-0.6.3-cp313-cp313-musllinux_1_2_x86_64.whl", hash = "sha256:36b2ec8c15030002c7f688b4863e7be42820d7c62d9c6eece3db54a2400f0530"},
    {file = "librt-0.6.3-cp313-cp313-win32.whl", hash = "sha256:25b1b60cb059471c0c0c803e07d0dfdc79e41a0a122f288b819219ed162672a3"},
    {file = "librt-0.6.3-cp313-cp313-win_amd64.whl", hash = "sha256:10a95ad074e2a98c9e4abc7f5b7d40e5ecbfa84c04c6ab8a70fabf59bd429b88"},
    {file = "librt-0.6.3-cp313-cp313-win_arm64.whl", hash = "sha256:17000df14f552e86877d67e4ab7966912224efc9368e998c96a6974a8d609bf9"},
    {file = "librt-0.6.3-cp314-cp314-macosx_10_13_x86_64.whl", hash = "sha256:8e695f25d1a425ad7a272902af8ab8c8d66c1998b177e4b5f5e7b4e215d0c88a"},
    {file = "librt-0.6.3-cp314-cp314-macosx_11_0_arm64.whl", hash = "sha256:3e84a4121a7ae360ca4da436548a9c1ca8ca134a5ced76c893cc5944426164bd"},
    {file = "librt-0.6.3-cp314-cp314-manylinux1_i686.manylinux_2_28_i686.manylinux_2_5_i686.whl", hash = "sha256:05f385a414de3f950886ea0aad8f109650d4b712cf9cc14cc17f5f62a9ab240b"},
    {file = "librt-0.6.3-cp314-cp314-manylinux2014_aarch64.manylinux_2_17_aarch64.manylinux_2_28_aarch64.whl", hash = "sha256:36a8e337461150b05ca2c7bdedb9e591dfc262c5230422cea398e89d0c746cdc"},
    {file = "librt-0.6.3-cp314-cp314-manylinux2014_x86_64.manylinux_2_17_x86_64.manylinux_2_28_x86_64.whl", hash = "sha256:dcbe48f6a03979384f27086484dc2a14959be1613cb173458bd58f714f2c48f3"},
    {file = "librt-0.6.3-cp314-cp314-musllinux_1_2_aarch64.whl", hash = "sha256:4bca9e4c260233fba37b15c4ec2f78aa99c1a79fbf902d19dd4a763c5c3fb751"},
    {file = "librt-0.6.3-cp314-cp314-musllinux_1_2_i686.whl", hash = "sha256:760c25ed6ac968e24803eb5f7deb17ce026902d39865e83036bacbf5cf242aa8"},
    {file = "librt-0.6.3-cp314-cp314-musllinux_1_2_x86_64.whl", hash = "sha256:4aa4a93a353ccff20df6e34fa855ae8fd788832c88f40a9070e3ddd3356a9f0e"},
    {file = "librt-0.6.3-cp314-cp314-win32.whl", hash = "sha256:cb92741c2b4ea63c09609b064b26f7f5d9032b61ae222558c55832ec3ad0bcaf"},
    {file = "librt-0.6.3-cp314-cp314-win_amd64.whl", hash = "sha256:fdcd095b1b812d756fa5452aca93b962cf620694c0cadb192cec2bb77dcca9a2"},
    {file = "librt-0.6.3-cp314-cp314-win_arm64.whl", hash = "sha256:822ca79e28720a76a935c228d37da6579edef048a17cd98d406a2484d10eda78"},
    {file = "librt-0.6.3-cp314-cp314t-macosx_10_13_x86_64.whl", hash = "sha256:078cd77064d1640cb7b0650871a772956066174d92c8aeda188a489b58495179"},
    {file = "librt-0.6.3-cp314-cp314t-macosx_11_0_arm64.whl", hash = "sha256:5cc22f7f5c0cc50ed69f4b15b9c51d602aabc4500b433aaa2ddd29e578f452f7"},
    {file = "librt-0.6.3-cp314-cp314t-manylinux1_i686.manylinux_2_28_i686.manylinux_2_5_i686.whl", hash = "sha256:14b345eb7afb61b9fdcdfda6738946bd11b8e0f6be258666b0646af3b9bb5916"},
    {file = "librt-0.6.3-cp314-cp314t-manylinux2014_aarch64.manylinux_2_17_aarch64.manylinux_2_28_aarch64.whl", hash = "sha256:6d46aa46aa29b067f0b8b84f448fd9719aaf5f4c621cc279164d76a9dc9ab3e8"},
    {file = "librt-0.6.3-cp314-cp314t-manylinux2014_x86_64.manylinux_2_17_x86_64.manylinux_2_28_x86_64.whl", hash = "sha256:1b51ba7d9d5d9001494769eca8c0988adce25d0a970c3ba3f2eb9df9d08036fc"},
    {file = "librt-0.6.3-cp314-cp314t-musllinux_1_2_aarch64.whl", hash = "sha256:ced0925a18fddcff289ef54386b2fc230c5af3c83b11558571124bfc485b8c07"},
    {file = "librt-0.6.3-cp314-cp314t-musllinux_1_2_i686.whl", hash = "sha256:6bac97e51f66da2ca012adddbe9fd656b17f7368d439de30898f24b39512f40f"},
    {file = "librt-0.6.3-cp314-cp314t-musllinux_1_2_x86_64.whl", hash = "sha256:b2922a0e8fa97395553c304edc3bd36168d8eeec26b92478e292e5d4445c1ef0"},
    {file = "librt-0.6.3-cp314-cp314t-win32.whl", hash = "sha256:f33462b19503ba68d80dac8a1354402675849259fb3ebf53b67de86421735a3a"},
    {file = "librt-0.6.3-cp314-cp314t-win_amd64.whl", hash = "sha256:04f8ce401d4f6380cfc42af0f4e67342bf34c820dae01343f58f472dbac75dcf"},
    {file = "librt-0.6.3-cp314-cp314t-win_arm64.whl", hash = "sha256:afb39550205cc5e5c935762c6bf6a2bb34f7d21a68eadb25e2db7bf3593fecc0"},
    {file = "librt-0.6.3-cp39-cp39-macosx_10_9_x86_64.whl", hash = "sha256:09262cb2445b6f15d09141af20b95bb7030c6f13b00e876ad8fdd1a9045d6aa5"},
    {file = "librt-0.6.3-cp39-cp39-macosx_11_0_arm64.whl", hash = "sha256:57705e8eec76c5b77130d729c0f70190a9773366c555c5457c51eace80afd873"},
    {file = "librt-0.6.3-cp39-cp39-manylinux1_i686.manylinux_2_28_i686.manylinux_2_5_i686.whl", hash = "sha256:3ac2a7835434b31def8ed5355dd9b895bbf41642d61967522646d1d8b9681106"},
    {file = "librt-0.6.3-cp39-cp39-manylinux2014_aarch64.manylinux_2_17_aarch64.manylinux_2_28_aarch64.whl", hash = "sha256:71f0a5918aebbea1e7db2179a8fe87e8a8732340d9e8b8107401fb407eda446e"},
    {file = "librt-0.6.3-cp39-cp39-manylinux2014_x86_64.manylinux_2_17_x86_64.manylinux_2_28_x86_64.whl", hash = "sha256:aa346e202e6e1ebc01fe1c69509cffe486425884b96cb9ce155c99da1ecbe0e9"},
    {file = "librt-0.6.3-cp39-cp39-musllinux_1_2_aarch64.whl", hash = "sha256:92267f865c7bbd12327a0d394666948b9bf4b51308b52947c0cc453bfa812f5d"},
    {file = "librt-0.6.3-cp39-cp39-musllinux_1_2_i686.whl", hash = "sha256:86605d5bac340beb030cbc35859325982a79047ebdfba1e553719c7126a2389d"},
    {file = "librt-0.6.3-cp39-cp39-musllinux_1_2_x86_64.whl", hash = "sha256:98e4bbecbef8d2a60ecf731d735602feee5ac0b32117dbbc765e28b054bac912"},
    {file = "librt-0.6.3-cp39-cp39-win32.whl", hash = "sha256:3caa0634c02d5ff0b2ae4a28052e0d8c5f20d497623dc13f629bd4a9e2a6efad"},
    {file = "librt-0.6.3-cp39-cp39-win_amd64.whl", hash = "sha256:b47395091e7e0ece1e6ebac9b98bf0c9084d1e3d3b2739aa566be7e56e3f7bf2"},
    {file = "librt-0.6.3.tar.gz", hash = "sha256:c724a884e642aa2bbad52bb0203ea40406ad742368a5f90da1b220e970384aae"},
]

[[package]]
name = "mypy"
version = "1.19.0"
description = "Optional static typing for Python"
optional = false
python-versions = ">=3.9"
groups = ["dev"]
files = [
    {file = "mypy-1.19.0-cp310-cp310-macosx_10_9_x86_64.whl", hash = "sha256:6148ede033982a8c5ca1143de34c71836a09f105068aaa8b7d5edab2b053e6c8"},
    {file = "mypy-1.19.0-cp310-cp310-macosx_11_0_arm64.whl", hash = "sha256:a9ac09e52bb0f7fb912f5d2a783345c72441a08ef56ce3e17c1752af36340a39"},
    {file = "mypy-1.19.0-cp310-cp310-manylinux2014_aarch64.manylinux_2_17_aarch64.manylinux_2_28_aarch64.whl", hash = "sha256:11f7254c15ab3f8ed68f8e8f5cbe88757848df793e31c36aaa4d4f9783fd08ab"},
    {file = "mypy-1.19.0-cp310-cp310-manylinux2014_x86_64.manylinux_2_17_x86_64.manylinux_2_28_x86_64.whl", hash = "sha256:318ba74f75899b0e78b847d8c50821e4c9637c79d9a59680fc1259f29338cb3e"},
    {file = "mypy-1.19.0-cp310-cp310-musllinux_1_2_x86_64.whl", hash = "sha256:cf7d84f497f78b682edd407f14a7b6e1a2212b433eedb054e2081380b7395aa3"},
    {file = "mypy-1.19.0-cp310-cp310-win_amd64.whl", hash = "sha256:c3385246593ac2b97f155a0e9639be906e73534630f663747c71908dfbf26134"},
    {file = "mypy-1.19.0-cp311-cp311-macosx_10_9_x86_64.whl", hash = "sha256:a31e4c28e8ddb042c84c5e977e28a21195d086aaffaf08b016b78e19c9ef8106"},
    {file = "mypy-1.19.0-cp311-cp311-macosx_11_0_arm64.whl", hash = "sha256:34ec1ac66d31644f194b7c163d7f8b8434f1b49719d403a5d26c87fff7e913f7"},
    {file = "mypy-1.19.0-cp311-cp311-manylinux2014_aarch64.manylinux_2_17_aarch64.manylinux_2_28_aarch64.whl", hash = "sha256:cb64b0ba5980466a0f3f9990d1c582bcab8db12e29815ecb57f1408d99b4bff7"},
    {file = "mypy-1.19.0-cp311-cp311-manylinux2014_x86_64.manylinux_2_17_x86_64.manylinux_2_28_x86_64.whl", hash = "sha256:120cffe120cca5c23c03c77f84abc0c14c5d2e03736f6c312480020082f1994b"},
    {file = "mypy-1.19.0-cp311-cp311-musllinux_1_2_x86_64.whl", hash = "sha256:7a500ab5c444268a70565e374fc803972bfd1f09545b13418a5174e29883dab7"},
    {file = "mypy-1.19.0-cp311-cp311-win_amd64.whl", hash = "sha256:c14a98bc63fd867530e8ec82f217dae29d0550c86e70debc9667fff1ec83284e"},
    {file = "mypy-1.19.0-cp312-cp312-macosx_10_13_x86_64.whl", hash = "sha256:0fb3115cb8fa7c5f887c8a8d81ccdcb94cff334684980d847e5a62e926910e1d"},
    {file = "mypy-1.19.0-cp312-cp312-macosx_11_0_arm64.whl", hash = "sha256:f3e19e3b897562276bb331074d64c076dbdd3e79213f36eed4e592272dabd760"},
    {file = "mypy-1.19.0-cp312-cp312-manylinux2014_aarch64.manylinux_2_17_aarch64.manylinux_2_28_aarch64.whl", hash = "sha256:b9d491295825182fba01b6ffe2c6fe4e5a49dbf4e2bb4d1217b6ced3b4797bc6"},
    {file = "mypy-1.19.0-cp312-cp312-manylinux2014_x86_64.manylinux_2_17_x86_64.manylinux_2_28_x86_64.whl", hash = "sha256:6016c52ab209919b46169651b362068f632efcd5eb8ef9d1735f6f86da7853b2"},
    {file = "mypy-1.19.0-cp312-cp312-musllinux_1_2_x86_64.whl", hash = "sha256:f188dcf16483b3e59f9278c4ed939ec0254aa8a60e8fc100648d9ab5ee95a431"},
    {file = "mypy-1.19.0-cp312-cp312-win_amd64.whl", hash = "sha256:0e3c3d1e1d62e678c339e7ade72746a9e0325de42cd2cccc51616c7b2ed1a018"},
    {file = "mypy-1.19.0-cp313-cp313-macosx_10_13_x86_64.whl", hash = "sha256:7686ed65dbabd24d20066f3115018d2dce030d8fa9db01aa9f0a59b6813e9f9e"},
    {file = "mypy-1.19.0-cp313-cp313-macosx_11_0_arm64.whl", hash = "sha256:fd4a985b2e32f23bead72e2fb4bbe5d6aceee176be471243bd831d5b2644672d"},
    {file = "mypy-1.19.0-cp313-cp313-manylinux2014_aarch64.manylinux_2_17_aarch64.manylinux_2_28_aarch64.whl", hash = "sha256:fc51a5b864f73a3a182584b1ac75c404396a17eced54341629d8bdcb644a5bba"},
    {file = "mypy-1.19.0-cp313-cp313-manylinux2014_x86_64.manylinux_2_17_x86_64.manylinux_2_28_x86_64.whl", hash = "sha256:37af5166f9475872034b56c5efdcf65ee25394e9e1d172907b84577120714364"},
    {file = "mypy-1.19.0-cp313-cp313-musllinux_1_2_x86_64.whl", hash = "sha256:510c014b722308c9bd377993bcbf9a07d7e0692e5fa8fc70e639c1eb19fc6bee"},
    {file = "mypy-1.19.0-cp313-cp313-win_amd64.whl", hash = "sha256:cabbee74f29aa9cd3b444ec2f1e4fa5a9d0d746ce7567a6a609e224429781f53"},
    {file = "mypy-1.19.0-cp314-cp314-macosx_10_15_x86_64.whl", hash = "sha256:f2e36bed3c6d9b5f35d28b63ca4b727cb0228e480826ffc8953d1892ddc8999d"},
    {file = "mypy-1.19.0-cp314-cp314-macosx_11_0_arm64.whl", hash = "sha256:a18d8abdda14035c5718acb748faec09571432811af129bf0d9e7b2d6699bf18"},
    {file = "mypy-1.19.0-cp314-cp314-manylinux2014_aarch64.manylinux_2_17_aarch64.manylinux_2_28_aarch64.whl", hash = "sha256:f75e60aca3723a23511948539b0d7ed514dda194bc3755eae0bfc7a6b4887aa7"},
    {file = "mypy-1.19.0-cp314-cp314-manylinux2014_x86_64.manylinux_2_17_x86_64.manylinux_2_28_x86_64.whl", hash = "sha256:8f44f2ae3c58421ee05fe609160343c25f70e3967f6e32792b5a78006a9d850f"},
    {file = "mypy-1.19.0-cp314-cp314-musllinux_1_2_x86_64.whl", hash = "sha256:63ea6a00e4bd6822adbfc75b02ab3653a17c02c4347f5bb0cf1d5b9df3a05835"},
    {file = "mypy-1.19.0-cp314-cp314-win_amd64.whl", hash = "sha256:3ad925b14a0bb99821ff6f734553294aa6a3440a8cb082fe1f5b84dfb662afb1"},
    {file = "mypy-1.19.0-cp39-cp39-macosx_10_9_x86_64.whl", hash = "sha256:0dde5cb375cb94deff0d4b548b993bec52859d1651e073d63a1386d392a95495"},
    {file = "mypy-1.19.0-cp39-cp39-macosx_11_0_arm64.whl", hash = "sha256:1cf9c59398db1c68a134b0b5354a09a1e124523f00bacd68e553b8bd16ff3299"},
    {file = "mypy-1.19.0-cp39-cp39-manylinux2014_aarch64.manylinux_2_17_aarch64.manylinux_2_28_aarch64.whl", hash = "sha256:3210d87b30e6af9c8faed61be2642fcbe60ef77cec64fa1ef810a630a4cf671c"},
    {file = "mypy-1.19.0-cp39-cp39-manylinux2014_x86_64.manylinux_2_17_x86_64.manylinux_2_28_x86_64.whl", hash = "sha256:e2c1101ab41d01303103ab6ef82cbbfedb81c1a060c868fa7cc013d573d37ab5"},
    {file = "mypy-1.19.0-cp39-cp39-musllinux_1_2_x86_64.whl", hash = "sha256:0ea4fd21bb48f0da49e6d3b37ef6bd7e8228b9fe41bbf4d80d9364d11adbd43c"},
    {file = "mypy-1.19.0-cp39-cp39-win_amd64.whl", hash = "sha256:16f76ff3f3fd8137aadf593cb4607d82634fca675e8211ad75c43d86033ee6c6"},
    {file = "mypy-1.19.0-py3-none-any.whl", hash = "sha256:0c01c99d626380752e527d5ce8e69ffbba2046eb8a060db0329690849cf9b6f9"},
    {file = "mypy-1.19.0.tar.gz", hash = "sha256:f6b874ca77f733222641e5c46e4711648c4037ea13646fd0cdc814c2eaec2528"},
]

[package.dependencies]
librt = ">=0.6.2"
mypy_extensions = ">=1.0.0"
pathspec = ">=0.9.0"
tomli = {version = ">=1.1.0", markers = "python_version < \"3.11\""}
typing_extensions = ">=4.6.0"

[package.extras]
dmypy = ["psutil (>=4.0)"]
faster-cache = ["orjson"]
install-types = ["pip"]
mypyc = ["setuptools (>=50)"]
reports = ["lxml"]

[[package]]
name = "mypy-extensions"
version = "1.1.0"
description = "Type system extensions for programs checked with the mypy type checker."
optional = false
python-versions = ">=3.8"
groups = ["dev"]
files = [
    {file = "mypy_extensions-1.1.0-py3-none-any.whl", hash = "sha256:1be4cccdb0f2482337c4743e60421de3a356cd97508abadd57d47403e94f5505"},
    {file = "mypy_extensions-1.1.0.tar.gz", hash = "sha256:52e68efc3284861e772bbcd66823fde5ae21fd2fdb51c62a211403730b916558"},
]

[[package]]
name = "numpy"
version = "2.2.6"
description = "Fundamental package for array computing in Python"
optional = false
python-versions = ">=3.10"
groups = ["main"]
files = [
    {file = "numpy-2.2.6-cp310-cp310-macosx_10_9_x86_64.whl", hash = "sha256:b412caa66f72040e6d268491a59f2c43bf03eb6c96dd8f0307829feb7fa2b6fb"},
    {file = "numpy-2.2.6-cp310-cp310-macosx_11_0_arm64.whl", hash = "sha256:8e41fd67c52b86603a91c1a505ebaef50b3314de0213461c7a6e99c9a3beff90"},
    {file = "numpy-2.2.6-cp310-cp310-macosx_14_0_arm64.whl", hash = "sha256:37e990a01ae6ec7fe7fa1c26c55ecb672dd98b19c3d0e1d1f326fa13cb38d163"},
    {file = "numpy-2.2.6-cp310-cp310-macosx_14_0_x86_64.whl", hash = "sha256:5a6429d4be8ca66d889b7cf70f536a397dc45ba6faeb5f8c5427935d9592e9cf"},
    {file = "numpy-2.2.6-cp310-cp310-manylinux_2_17_aarch64.manylinux2014_aarch64.whl", hash = "sha256:efd28d4e9cd7d7a8d39074a4d44c63eda73401580c5c76acda2ce969e0a38e83"},
    {file = "numpy-2.2.6-cp310-cp310-manylinux_2_17_x86_64.manylinux2014_x86_64.whl", hash = "sha256:fc7b73d02efb0e18c000e9ad8b83480dfcd5dfd11065997ed4c6747470ae8915"},
    {file = "numpy-2.2.6-cp310-cp310-musllinux_1_2_aarch64.whl", hash = "sha256:74d4531beb257d2c3f4b261bfb0fc09e0f9ebb8842d82a7b4209415896adc680"},
    {file = "numpy-2.2.6-cp310-cp310-musllinux_1_2_x86_64.whl", hash = "sha256:8fc377d995680230e83241d8a96def29f204b5782f371c532579b4f20607a289"},
    {file = "numpy-2.2.6-cp310-cp310-win32.whl", hash = "sha256:b093dd74e50a8cba3e873868d9e93a85b78e0daf2e98c6797566ad8044e8363d"},
    {file = "numpy-2.2.6-cp310-cp310-win_amd64.whl", hash = "sha256:f0fd6321b839904e15c46e0d257fdd101dd7f530fe03fd6359c1ea63738703f3"},
    {file = "numpy-2.2.6-cp311-cp311-macosx_10_9_x86_64.whl", hash = "sha256:f9f1adb22318e121c5c69a09142811a201ef17ab257a1e66ca3025065b7f53ae"},
    {file = "numpy-2.2.6-cp311-cp311-macosx_11_0_arm64.whl", hash = "sha256:c820a93b0255bc360f53eca31a0e676fd1101f673dda8da93454a12e23fc5f7a"},
    {file = "numpy-2.2.6-cp311-cp311-macosx_14_0_arm64.whl", hash = "sha256:3d70692235e759f260c3d837193090014aebdf026dfd167834bcba43e30c2a42"},
    {file = "numpy-2.2.6-cp311-cp311-macosx_14_0_x86_64.whl", hash = "sha256:481b49095335f8eed42e39e8041327c05b0f6f4780488f61286ed3c01368d491"},
    {file = "numpy-2.2.6-cp311-cp311-manylinux_2_17_aarch64.manylinux2014_aarch64.whl", hash = "sha256:b64d8d4d17135e00c8e346e0a738deb17e754230d7e0810ac5012750bbd85a5a"},
    {file = "numpy-2.2.6-cp311-cp311-manylinux_2_17_x86_64.manylinux2014_x86_64.whl", hash = "sha256:ba10f8411898fc418a521833e014a77d3ca01c15b0c6cdcce6a0d2897e6dbbdf"},
    {file = "numpy-2.2.6-cp311-cp311-musllinux_1_2_aarch64.whl", hash = "sha256:bd48227a919f1bafbdda0583705e547892342c26fb127219d60a5c36882609d1"},
    {file = "numpy-2.2.6-cp311-cp311-musllinux_1_2_x86_64.whl", hash = "sha256:9551a499bf125c1d4f9e250377c1ee2eddd02e01eac6644c080162c0c51778ab"},
    {file = "numpy-2.2.6-cp311-cp311-win32.whl", hash = "sha256:0678000bb9ac1475cd454c6b8c799206af8107e310843532b04d49649c717a47"},
    {file = "numpy-2.2.6-cp311-cp311-win_amd64.whl", hash = "sha256:e8213002e427c69c45a52bbd94163084025f533a55a59d6f9c5b820774ef3303"},
    {file = "numpy-2.2.6-cp312-cp312-macosx_10_13_x86_64.whl", hash = "sha256:41c5a21f4a04fa86436124d388f6ed60a9343a6f767fced1a8a71c3fbca038ff"},
    {file = "numpy-2.2.6-cp312-cp312-macosx_11_0_arm64.whl", hash = "sha256:de749064336d37e340f640b05f24e9e3dd678c57318c7289d222a8a2f543e90c"},
    {file = "numpy-2.2.6-cp312-cp312-macosx_14_0_arm64.whl", hash = "sha256:894b3a42502226a1cac872f840030665f33326fc3dac8e57c607905773cdcde3"},
    {file = "numpy-2.2.6-cp312-cp312-macosx_14_0_x86_64.whl", hash = "sha256:71594f7c51a18e728451bb50cc60a3ce4e6538822731b2933209a1f3614e9282"},
    {file = "numpy-2.2.6-cp312-cp312-manylinux_2_17_aarch64.manylinux2014_aarch64.whl", hash = "sha256:f2618db89be1b4e05f7a1a847a9c1c0abd63e63a1607d892dd54668dd92faf87"},
    {file = "numpy-2.2.6-cp312-cp312-manylinux_2_17_x86_64.manylinux2014_x86_64.whl", hash = "sha256:fd83c01228a688733f1ded5201c678f0c53ecc1006ffbc404db9f7a899ac6249"},
    {file = "numpy-2.2.6-cp312-cp312-musllinux_1_2_aarch64.whl", hash = "sha256:37c0ca431f82cd5fa716eca9506aefcabc247fb27ba69c5062a6d3ade8cf8f49"},
    {file = "numpy-2.2.6-cp312-cp312-musllinux_1_2_x86_64.whl", hash = "sha256:fe27749d33bb772c80dcd84ae7e8df2adc920ae8297400dabec45f0dedb3f6de"},
    {file = "numpy-2.2.6-cp312-cp312-win32.whl", hash = "sha256:4eeaae00d789f66c7a25ac5f34b71a7035bb474e679f410e5e1a94deb24cf2d4"},
    {file = "numpy-2.2.6-cp312-cp312-win_amd64.whl", hash = "sha256:c1f9540be57940698ed329904db803cf7a402f3fc200bfe599334c9bd84a40b2"},
    {file = "numpy-2.2.6-cp313-cp313-macosx_10_13_x86_64.whl", hash = "sha256:0811bb762109d9708cca4d0b13c4f67146e3c3b7cf8d34018c722adb2d957c84"},
    {file = "numpy-2.2.6-cp313-cp313-macosx_11_0_arm64.whl", hash = "sha256:287cc3162b6f01463ccd86be154f284d0893d2b3ed7292439ea97eafa8170e0b"},
    {file = "numpy-2.2.6-cp313-cp313-macosx_14_0_arm64.whl", hash = "sha256:f1372f041402e37e5e633e586f62aa53de2eac8d98cbfb822806ce4bbefcb74d"},
    {file = "numpy-2.2.6-cp313-cp313-macosx_14_0_x86_64.whl", hash = "sha256:55a4d33fa519660d69614a9fad433be87e5252f4b03850642f88993f7b2ca566"},
    {file = "numpy-2.2.6-cp313-cp313-manylinux_2_17_aarch64.manylinux2014_aarch64.whl", hash = "sha256:f92729c95468a2f4f15e9bb94c432a9229d0d50de67304399627a943201baa2f"},
    {file = "numpy-2.2.6-cp313-cp313-manylinux_2_17_x86_64.manylinux2014_x86_64.whl", hash = "sha256:1bc23a79bfabc5d056d106f9befb8d50c31ced2fbc70eedb8155aec74a45798f"},
    {file = "numpy-2.2.6-cp313-cp313-musllinux_1_2_aarch64.whl", hash = "sha256:e3143e4451880bed956e706a3220b4e5cf6172ef05fcc397f6f36a550b1dd868"},
    {file = "numpy-2.2.6-cp313-cp313-musllinux_1_2_x86_64.whl", hash = "sha256:b4f13750ce79751586ae2eb824ba7e1e8dba64784086c98cdbbcc6a42112ce0d"},
    {file = "numpy-2.2.6-cp313-cp313-win32.whl", hash = "sha256:5beb72339d9d4fa36522fc63802f469b13cdbe4fdab4a288f0c441b74272ebfd"},
    {file = "numpy-2.2.6-cp313-cp313-win_amd64.whl", hash = "sha256:b0544343a702fa80c95ad5d3d608ea3599dd54d4632df855e4c8d24eb6ecfa1c"},
    {file = "numpy-2.2.6-cp313-cp313t-macosx_10_13_x86_64.whl", hash = "sha256:0bca768cd85ae743b2affdc762d617eddf3bcf8724435498a1e80132d04879e6"},
    {file = "numpy-2.2.6-cp313-cp313t-macosx_11_0_arm64.whl", hash = "sha256:fc0c5673685c508a142ca65209b4e79ed6740a4ed6b2267dbba90f34b0b3cfda"},
    {file = "numpy-2.2.6-cp313-cp313t-macosx_14_0_arm64.whl", hash = "sha256:5bd4fc3ac8926b3819797a7c0e2631eb889b4118a9898c84f585a54d475b7e40"},
    {file = "numpy-2.2.6-cp313-cp313t-macosx_14_0_x86_64.whl", hash = "sha256:fee4236c876c4e8369388054d02d0e9bb84821feb1a64dd59e137e6511a551f8"},
    {file = "numpy-2.2.6-cp313-cp313t-manylinux_2_17_aarch64.manylinux2014_aarch64.whl", hash = "sha256:e1dda9c7e08dc141e0247a5b8f49cf05984955246a327d4c48bda16821947b2f"},
    {file = "numpy-2.2.6-cp313-cp313t-manylinux_2_17_x86_64.manylinux2014_x86_64.whl", hash = "sha256:f447e6acb680fd307f40d3da4852208af94afdfab89cf850986c3ca00562f4fa"},
    {file = "numpy-2.2.6-cp313-cp313t-musllinux_1_2_aarch64.whl", hash = "sha256:389d771b1623ec92636b0786bc4ae56abafad4a4c513d36a55dce14bd9ce8571"},
    {file = "numpy-2.2.6-cp313-cp313t-musllinux_1_2_x86_64.whl", hash = "sha256:8e9ace4a37db23421249ed236fdcdd457d671e25146786dfc96835cd951aa7c1"},
    {file = "numpy-2.2.6-cp313-cp313t-win32.whl", hash = "sha256:038613e9fb8c72b0a41f025a7e4c3f0b7a1b5d768ece4796b674c8f3fe13efff"},
    {file = "numpy-2.2.6-cp313-cp313t-win_amd64.whl", hash = "sha256:6031dd6dfecc0cf9f668681a37648373bddd6421fff6c66ec1624eed0180ee06"},
    {file = "numpy-2.2.6-pp310-pypy310_pp73-macosx_10_15_x86_64.whl", hash = "sha256:0b605b275d7bd0c640cad4e5d30fa701a8d59302e127e5f79138ad62762c3e3d"},
    {file = "numpy-2.2.6-pp310-pypy310_pp73-macosx_14_0_x86_64.whl", hash = "sha256:7befc596a7dc9da8a337f79802ee8adb30a552a94f792b9c9d18c840055907db"},
    {file = "numpy-2.2.6-pp310-pypy310_pp73-manylinux_2_17_x86_64.manylinux2014_x86_64.whl", hash = "sha256:ce47521a4754c8f4593837384bd3424880629f718d87c5d44f8ed763edd63543"},
    {file = "numpy-2.2.6-pp310-pypy310_pp73-win_amd64.whl", hash = "sha256:d042d24c90c41b54fd506da306759e06e568864df8ec17ccc17e9e884634fd00"},
    {file = "numpy-2.2.6.tar.gz", hash = "sha256:e29554e2bef54a90aa5cc07da6ce955accb83f21ab5de01a62c8478897b264fd"},
]

[[package]]
name = "pathspec"
version = "0.12.1"
description = "Utility library for gitignore style pattern matching of file paths."
optional = false
python-versions = ">=3.8"
groups = ["dev"]
files = [
    {file = "pathspec-0.12.1-py3-none-any.whl", hash = "sha256:a0d503e138a4c123b27490a4f7beda6a01c6f288df0e4a8b79c7eb0dc7b4cc08"},
    {file = "pathspec-0.12.1.tar.gz", hash = "sha256:a482d51503a1ab33b1c67a6c3813a26953dbdc71c31dacaef9a838c4e29f5712"},
]

[[package]]
name = "tomli"
version = "2.3.0"
description = "A lil' TOML parser"
optional = false
python-versions = ">=3.8"
groups = ["dev"]
markers = "python_version == \"3.10\""
files = [
    {file = "tomli-2.3.0-cp311-cp311-macosx_10_9_x86_64.whl", hash = "sha256:88bd15eb972f3664f5ed4b57c1634a97153b4bac4479dcb6a495f41921eb7f45"},
    {file = "tomli-2.3.0-cp311-cp311-macosx_11_0_arm64.whl", hash = "sha256:883b1c0d6398a6a9d29b508c331fa56adbcdff647f6ace4dfca0f50e90dfd0ba"},
    {file = "tomli-2.3.0-cp311-cp311-manylinux2014_aarch64.manylinux_2_17_aarch64.manylinux_2_28_aarch64.whl", hash = "sha256:d1381caf13ab9f300e30dd8feadb3de072aeb86f1d34a8569453ff32a7dea4bf"},
    {file = "tomli-2.3.0-cp311-cp311-manylinux2014_x86_64.manylinux_2_17_x86_64.manylinux_2_28_x86_64.whl", hash = "sha256:a0e285d2649b78c0d9027570d4da3425bdb49830a6156121360b3f8511ea3441"},
    {file = "tomli-2.3.0-cp311-cp311-musllinux_1_2_aarch64.whl", hash = "sha256:0a154a9ae14bfcf5d8917a59b51ffd5a3ac1fd149b71b47a3a104ca4edcfa845"},
    {file = "tomli-2.3.0-cp311-cp311-musllinux_1_2_x86_64.whl", hash = "sha256:74bf8464ff93e413514fefd2be591c3b0b23231a77f901db1eb30d6f712fc42c"},
    {file = "tomli-2.3.0-cp311-cp311-win32.whl", hash = "sha256:00b5f5d95bbfc7d12f91ad8c593a1659b6387b43f054104cda404be6bda62456"},
    {file = "tomli-2.3.0-cp311-cp311-win_amd64.whl", hash = "sha256:4dc4ce8483a5d429ab602f111a93a6ab1ed425eae3122032db7e9acf449451be"},
    {file = "tomli-2.3.0-cp312-cp312-macosx_10_13_x86_64.whl", hash = "sha256:d7d86942e56ded512a594786a5ba0a5e521d02529b3826e7761a05138341a2ac"},
    {file = "tomli-2.3.0-cp312-cp312-macosx_11_0_arm64.whl", hash = "sha256:73ee0b47d4dad1c5e996e3cd33b8a76a50167ae5f96a2607cbe8cc773506ab22"},
    {file = "tomli-2.3.0-cp312-cp312-manylinux2014_aarch64.manylinux_2_17_aarch64.manylinux_2_28_aarch64.whl", hash = "sha256:792262b94d5d0a466afb5bc63c7daa9d75520110971ee269152083270998316f"},
    {file = "tomli-2.3.0-cp312-cp312-manylinux2014_x86_64.manylinux_2_17_x86_64.manylinux_2_28_x86_64.whl", hash = "sha256:4f195fe57ecceac95a66a75ac24d9d5fbc98ef0962e09b2eddec5d39375aae52"},
    {file = "tomli-2.3.0-cp312-cp312-musllinux_1_2_aarch64.whl", hash = "sha256:e31d432427dcbf4d86958c184b9bfd1e96b5b71f8eb17e6d02531f434fd335b8"},
    {file = "tomli-2.3.0-cp312-cp312-musllinux_1_2_x86_64.whl", hash = "sha256:7b0882799624980785240ab732537fcfc372601015c00f7fc367c55308c186f6"},
    {file = "tomli-2.3.0-cp312-cp312-win32.whl", hash = "sha256:ff72b71b5d10d22ecb084d345fc26f42b5143c5533db5e2eaba7d2d335358876"},
    {file = "tomli-2.3.0-cp312-cp312-win_amd64.whl", hash = "sha256:1cb4ed918939151a03f33d4242ccd0aa5f11b3547d0cf30f7c74a408a5b99878"},
    {file = "tomli-2.3.0-cp313-cp313-macosx_10_13_x86_64.whl", hash = "sha256:5192f562738228945d7b13d4930baffda67b69425a7f0da96d360b0a3888136b"},
    {file = "tomli-2.3.0-cp313-cp313-macosx_11_0_arm64.whl", hash = "sha256:be71c93a63d738597996be9528f4abe628d1adf5e6eb11607bc8fe1a510b5dae"},
    {file = "tomli-2.3.0-cp313-cp313-manylinux2014_aarch64.manylinux_2_17_aarch64.manylinux_2_28_aarch64.whl", hash = "sha256:c4665508bcbac83a31ff8ab08f424b665200c0e1e645d2bd9ab3d3e557b6185b"},
    {file = "tomli-2.3.0-cp313-cp313-manylinux2014_x86_64.manylinux_2_17_x86_64.manylinux_2_28_x86_64.whl", hash = "sha256:4021923f97266babc6ccab9f5068642a0095faa0a51a246a6a02fccbb3514eaf"},
    {file = "tomli-2.3.0-cp313-cp313-musllinux_1_2_aarch64.whl", hash = "sha256:a4ea38c40145a357d513bffad0ed869f13c1773716cf71ccaa83b0fa0cc4e42f"},
    {file = "tomli-2.3.0-cp313-cp313-musllinux_1_2_x86_64.whl", hash = "sha256:ad805ea85eda330dbad64c7ea7a4556259665bdf9d2672f5dccc740eb9d3ca05"},
    {file = "tomli-2.3.0-cp313-cp313-win32.whl", hash = "sha256:97d5eec30149fd3294270e889b4234023f2c69747e555a27bd708828353ab606"},
    {file = "tomli-2.3.0-cp313-cp313-win_amd64.whl", hash = "sha256:0c95ca56fbe89e065c6ead5b593ee64b84a26fca063b5d71a1122bf26e533999"},
    {file = "tomli-2.3.0-cp314-cp314-macosx_10_13_x86_64.whl", hash = "sha256:cebc6fe843e0733ee827a282aca4999b596241195f43b4cc371d64fc6639da9e"},
    {file = "tomli-2.3.0-cp314-cp314-macosx_11_0_arm64.whl", hash = "sha256:4c2ef0244c75aba9355561272009d934953817c49f47d768070c3c94355c2aa3"},
    {file = "tomli-2.3.0-cp314-cp314-manylinux2014_aarch64.manylinux_2_17_aarch64.manylinux_2_28_aarch64.whl", hash = "sha256:c22a8bf253bacc0cf11f35ad9808b6cb75ada2631c2d97c971122583b129afbc"},
    {file = "tomli-2.3.0-cp314-cp314-manylinux2014_x86_64.manylinux_2_17_x86_64.manylinux_2_28_x86_64.whl", hash = "sha256:0eea8cc5c5e9f89c9b90c4896a8deefc74f518db5927d0e0e8d4a80953d774d0"},
    {file = "tomli-2.3.0-cp314-cp314-musllinux_1_2_aarch64.whl", hash = "sha256:b74a0e59ec5d15127acdabd75ea17726ac4c5178ae51b85bfe39c4f8a278e879"},
    {file = "tomli-2.3.0-cp314-cp314-musllinux_1_2_x86_64.whl", hash = "sha256:b5870b50c9db823c595983571d1296a6ff3e1b88f734a4c8f6fc6188397de005"},
    {file = "tomli-2.3.0-cp314-cp314-win32.whl", hash = "sha256:feb0dacc61170ed7ab602d3d972a58f14ee3ee60494292d384649a3dc38ef463"},
    {file = "tomli-2.3.0-cp314-cp314-win_amd64.whl", hash = "sha256:b273fcbd7fc64dc3600c098e39136522650c49bca95df2d11cf3b626422392c8"},
    {file = "tomli-2.3.0-cp314-cp314t-macosx_10_13_x86_64.whl", hash = "sha256:940d56ee0410fa17ee1f12b817b37a4d4e4dc4d27340863cc67236c74f582e77"},
    {file = "tomli-2.3.0-cp314-cp314t-macosx_11_0_arm64.whl", hash = "sha256:f85209946d1fe94416debbb88d00eb92ce9cd5266775424ff81bc959e001acaf"},
    {file = "tomli-2.3.0-cp314-cp314t-manylinux2014_aarch64.manylinux_2_17_aarch64.manylinux_2_28_aarch64.whl", hash = "sha256:a56212bdcce682e56b0aaf79e869ba5d15a6163f88d5451cbde388d48b13f530"},
    {file = "tomli-2.3.0-cp314-cp314t-manylinux2014_x86_64.manylinux_2_17_x86_64.manylinux_2_28_x86_64.whl", hash = "sha256:c5f3ffd1e098dfc032d4d3af5c0ac64f6d286d98bc148698356847b80fa4de1b"},
    {file = "tomli-2.3.0-cp314-cp314t-musllinux_1_2_aarch64.whl", hash = "sha256:5e01decd096b1530d97d5d85cb4dff4af2d8347bd35686654a004f8dea20fc67"},
    {file = "tomli-2.3.0-cp314-cp314t-musllinux_1_2_x86_64.whl", hash = "sha256:8a35dd0e643bb2610f156cca8db95d213a90015c11fee76c946aa62b7ae7e02f"},
    {file = "tomli-2.3.0-cp314-cp314t-win32.whl", hash = "sha256:a1f7f282fe248311650081faafa5f4732bdbfef5d45fe3f2e702fbc6f2d496e0"},
    {file = "tomli-2.3.0-cp314-cp314t-win_amd64.whl", hash = "sha256:70a251f8d4ba2d9ac2542eecf008b3c8a9fc5c3f9f02c56a9d7952612be2fdba"},
    {file = "tomli-2.3.0-py3-none-any.whl", hash = "sha256:e95b1af3c5b07d9e643909b5abbec77cd9f1217e6d0bca72b0234736b9fb1f1b"},
    {file = "tomli-2.3.0.tar.gz", hash = "sha256:64be704a875d2a59753d80ee8a533c3fe183e3f06807ff7dc2232938ccb01549"},
]

[[package]]
name = "typing-extensions"
version = "4.15.0"
description = "Backported and Experimental Type Hints for Python 3.9+"
optional = false
python-versions = ">=3.9"
groups = ["dev"]
files = [
    {file = "typing_extensions-4.15.0-py3-none-any.whl", hash = "sha256:f0fa19c6845758ab08074a0cfa8b7aecb71c999ca73d62883bc25cc018c4e548"},
    {file = "typing_extensions-4.15.0.tar.gz", hash = "sha256:0cea48d173cc12fa28ecabc3b837ea3cf6f38c6d1136f85cbaaf598984861466"},
]

[metadata]
lock-version = "2.1"
python-versions = "^3.10"
content-hash = "43ee01addb7242d1e8091d55c73318cc329f6c291fa78cc6da6ad6a72a45a393"
